
Microsoft Visual Studio Solution File, Format Version 12.00
# Visual Studio Version 17
VisualStudioVersion = 17.9.34723.18
MinimumVisualStudioVersion = 10.0.40219.1
Project("{9A19103F-16F7-4668-BE54-9A1E7A4F7556}") = "CourseProvider", "CourseProvider\CourseProvider.csproj", "{EC5C6C34-D329-408E-8747-FED80564FC66}"
EndProject
Project("{9A19103F-16F7-4668-BE54-9A1E7A4F7556}") = "Infrastructure", "Infrastructure\Infrastructure.csproj", "{B531A96A-AEC1-465A-A903-CAB7D9BB5D04}"
EndProject
Global
	GlobalSection(SolutionConfigurationPlatforms) = preSolution
		Debug|Any CPU = Debug|Any CPU
		Release|Any CPU = Release|Any CPU
	EndGlobalSection
	GlobalSection(ProjectConfigurationPlatforms) = postSolution
		{EC5C6C34-D329-408E-8747-FED80564FC66}.Debug|Any CPU.ActiveCfg = Debug|Any CPU
		{EC5C6C34-D329-408E-8747-FED80564FC66}.Debug|Any CPU.Build.0 = Debug|Any CPU
		{EC5C6C34-D329-408E-8747-FED80564FC66}.Release|Any CPU.ActiveCfg = Release|Any CPU
		{EC5C6C34-D329-408E-8747-FED80564FC66}.Release|Any CPU.Build.0 = Release|Any CPU
		{B531A96A-AEC1-465A-A903-CAB7D9BB5D04}.Debug|Any CPU.ActiveCfg = Debug|Any CPU
		{B531A96A-AEC1-465A-A903-CAB7D9BB5D04}.Debug|Any CPU.Build.0 = Debug|Any CPU
		{B531A96A-AEC1-465A-A903-CAB7D9BB5D04}.Release|Any CPU.ActiveCfg = Release|Any CPU
		{B531A96A-AEC1-465A-A903-CAB7D9BB5D04}.Release|Any CPU.Build.0 = Release|Any CPU
	EndGlobalSection
	GlobalSection(SolutionProperties) = preSolution
		HideSolutionNode = FALSE
	EndGlobalSection
	GlobalSection(ExtensibilityGlobals) = postSolution
		SolutionGuid = {DEDAC378-597D-48BA-9A9D-D13FEA755810}
	EndGlobalSection
EndGlobal
